{
  "nodes": {
    "homebrew-brew": {
      "flake": false,
      "locked": {
        "lastModified": 1788591592,
        "narHash": "sha256-NbwVKwKLFl0oXub7oPjvmDaOygCtV2oboeKTu4xXFTk=",
        "owner": "axiomlayer",
        "repo": "homebrew",
        "rev": "08e85c4e42f5d8f1ea17c36cb59cf61c2ccb26c3",
        "type": "github"
      },
      "original": {
        "owner": "axiomlayer",
        "repo": "homebrew",
        "rev": "08e85c4e42f5d8f1ea17c36cb59cf61c2ccb26c3",
        "type": "github"
      }
    },
    "nix-darwin": {
      "inputs": {
        "nixpkgs": [
          "nixpkgs"
        ]
      },
      "locked": {
        "lastModified": 1783744694,
        "narHash": "sha256-2cp6N3rrwnGYLTx9l6N+NI+kwrCWxvJUbj5WJhvB29A=",
        "owner": "axiomlayer",
        "repo": "nix-darwin",
        "rev": "c3e90c89649b07d1a96e4b9dd6cd0d6e44b91a74",
        "type": "github"
      },
      "original": {
        "owner": "axiomlayer",
        "repo": "nix-darwin",
        "rev": "c3e90c89649b07d1a96e4b9dd6cd0d6e44b91a74",
        "type": "github"
      }
    },
    "nix-homebrew": {
      "inputs": {
        "brew-src": [
          "homebrew-brew"
        ]
      },
      "locked": {
        "lastModified": 1788981439,
        "narHash": "sha256-fEaFq0XgpgWFPLfpq1UK4/8ylHd2T0+fo6O3hKz1LUM=",
        "owner": "axiomlayer",
        "repo": "nix-homebrew",
        "rev": "09a921d0181146cf6163ec2cc1db7b6fd539a885",
        "type": "github"
      },
      "original": {
        "owner": "axiomlayer",
        "repo": "nix-homebrew",
        "rev": "09a921d0181146cf6163ec2cc1db7b6fd539a885",
        "type": "github"
      }
    },
    "nixpkgs": {
      "locked": {
        "lastModified": 1789344334,
        "narHash": "sha256-vdhpDJ3Lr24lkZ+fDCjmBRRtw9/vcSzkqGJOJyF5h2U=",
        "owner": "axiomlayer",
        "repo": "nixpkgs",
        "rev": "c3eea5b2156db11c7eeeada3dc737711255b253e",
        "type": "github"
      },
      "original": {
        "owner": "axiomlayer",
        "repo": "nixpkgs",
        "rev": "c3eea5b2156db11c7eeeada3dc737711255b253e",
        "type": "github"
      }
    },
    "root": {
      "inputs": {
        "homebrew-brew": "homebrew-brew",
        "nix-darwin": "nix-darwin",
        "nix-homebrew": "nix-homebrew",
        "nixpkgs": "nixpkgs"
      }
    }
  },
  "root": "root",
  "version": 7
}
